{
  "name": "frontend",
  "version": "1.0.0",
  "lockfileVersion": 1,
  "requires": true,
  "dependencies": {
    "@types/node": {
      "version": "10.5.7",
      "resolved": "https://registry.npmjs.org/@types/node/-/node-10.5.7.tgz",
      "integrity": "sha512-VkKcfuitP+Nc/TaTFH0B8qNmn+6NbI6crLkQonbedViVz7O2w8QV/GERPlkJ4bg42VGHiEWa31CoTOPs1q6z1w=="
    },
    "@types/prop-types": {
      "version": "15.5.4",
      "resolved": "https://registry.npmjs.org/@types/prop-types/-/prop-types-15.5.4.tgz",
      "integrity": "sha512-RnC6YeQDmDas7DToCbRWNntB9XpIR+sqg1zUqcCUxOJTBwGeSAPfTQaXqzyNND82FIBNY67r17FedDyaKRcHBQ==",
      "requires": {
        "@types/react": "16.4.8"
      }
    },
    "@types/react": {
      "version": "16.4.8",
      "resolved": "https://registry.npmjs.org/@types/react/-/react-16.4.8.tgz",
      "integrity": "sha512-i1bQXfUF2gItMpG9u9epR02DHLZEpXHON0I6z89vFvbOfGRMyMP1h6VxHTa9TpSJhXrYQjNhwTtLGJdvQA7kcA==",
      "requires": {
        "@types/prop-types": "15.5.4",
        "csstype": "2.5.6"
      }
    },
    "@types/react-dom": {
      "version": "16.0.7",
      "resolved": "https://registry.npmjs.org/@types/react-dom/-/react-dom-16.0.7.tgz",
      "integrity": "sha512-vaq4vMaJOaNgFff1t3LnHYr6vRa09vRspMkmLdXtFZmO1fwDI2snP+dpOkwrtlU8UC8qsqemCu4RmVM2OLq/fA==",
      "requires": {
        "@types/node": "10.5.7",
        "@types/react": "16.4.8"
      }
    },
    "@types/react-select": {
      "version": "2.0.1",
      "resolved": "https://registry.npmjs.org/@types/react-select/-/react-select-2.0.1.tgz",
      "integrity": "sha512-xeoO5ZAVyQpVSHjOTOCRz3BZrOIr+DDtuT0wysLQlkxj+InIFw855pMvwzZCXpAAHQHAEKkyKCqpK+ytu7WdlA==",
      "requires": {
        "@types/react": "16.4.8",
        "@types/react-dom": "16.0.7",
        "@types/react-transition-group": "2.0.13"
      }
    },
    "@types/react-transition-group": {
      "version": "2.0.13",
      "resolved": "https://registry.npmjs.org/@types/react-transition-group/-/react-transition-group-2.0.13.tgz",
      "integrity": "sha512-A3DV2+aU1P2/wD4r2Lz3lKTV8hFjUslWmT18gGhBdMtZ6FVOAJV7HyZA7dt+Kc+pa1jjevLBhHj344Gnh8yo1g==",
      "requires": {
        "@types/react": "16.4.8"
      }
    },
    "@types/reactstrap": {
      "version": "6.0.2",
      "resolved": "https://registry.npmjs.org/@types/reactstrap/-/reactstrap-6.0.2.tgz",
      "integrity": "sha512-dSS7KqWmTDI+XAPOF9cMyZ3xM/Bpkf7r6Nki/ilOCw/+l28Jx093J+YcbMB4clxnujhwIf7I4STw03TpgqoyEQ==",
      "dev": true,
      "requires": {
        "@types/react": "16.4.8",
        "popper.js": "1.14.4"
      }
    },
    "csstype": {
      "version": "2.5.6",
      "resolved": "https://registry.npmjs.org/csstype/-/csstype-2.5.6.tgz",
      "integrity": "sha512-tKPyhy0FmfYD2KQYXD5GzkvAYLYj96cMLXr648CKGd3wBe0QqoPipImjGiLze9c8leJK8J3n7ap90tpk3E6HGQ=="
    },
    "popper.js": {
      "version": "1.14.4",
      "resolved": "https://registry.npmjs.org/popper.js/-/popper.js-1.14.4.tgz",
      "integrity": "sha1-juwdj/AqWjoVLdQ0FKFce3n9abY=",
      "dev": true
    }
  }
}
